// !$*UTF8*$!
{
	archiveVersion = 1;
	classes = {
	};
	objectVersion = 46;
	objects = {

/* Begin PBXBuildFile section */
		C95B9F9C1A9DB43900C59633 /* AppDelegate.swift in Sources */ = {isa = PBXBuildFile; fileRef = C95B9F9B1A9DB43900C59633 /* AppDelegate.swift */; };
		C95B9F9E1A9DB43900C59633 /* DogPhotoController.swift in Sources */ = {isa = PBXBuildFile; fileRef = C95B9F9D1A9DB43900C59633 /* DogPhotoController.swift */; };
		C95B9FA11A9DB43900C59633 /* Main.storyboard in Resources */ = {isa = PBXBuildFile; fileRef = C95B9F9F1A9DB43900C59633 /* Main.storyboard */; };
		C95B9FA31A9DB43900C59633 /* Images.xcassets in Resources */ = {isa = PBXBuildFile; fileRef = C95B9FA21A9DB43900C59633 /* Images.xcassets */; };
		C95B9FA61A9DB43900C59633 /* LaunchScreen.xib in Resources */ = {isa = PBXBuildFile; fileRef = C95B9FA41A9DB43900C59633 /* LaunchScreen.xib */; };
		C95B9FB21A9DB43A00C59633 /* COMP4977_Midterm_v2Tests.swift in Sources */ = {isa = PBXBuildFile; fileRef = C95B9FB11A9DB43A00C59633 /* COMP4977_Midterm_v2Tests.swift */; };
		C95B9FBC1A9DB51000C59633 /* PhotoViewCell.swift in Sources */ = {isa = PBXBuildFile; fileRef = C95B9FBB1A9DB51000C59633 /* PhotoViewCell.swift */; };
		C95B9FBF1A9DB6C900C59633 /* Dog1.jpg in Resources */ = {isa = PBXBuildFile; fileRef = C95B9FBD1A9DB6C900C59633 /* Dog1.jpg */; };
		C95B9FC01A9DB6C900C59633 /* Dog2.jpg in Resources */ = {isa = PBXBuildFile; fileRef = C95B9FBE1A9DB6C900C59633 /* Dog2.jpg */; };
		C95B9FC41A9DC0BC00C59633 /* Dog3.jpg in Resources */ = {isa = PBXBuildFile; fileRef = C95B9FC11A9DC0BC00C59633 /* Dog3.jpg */; };
		C95B9FC51A9DC0BC00C59633 /* Dog4.jpg in Resources */ = {isa = PBXBuildFile; fileRef = C95B9FC21A9DC0BC00C59633 /* Dog4.jpg */; };
		C95B9FC61A9DC0BC00C59633 /* Dog5.jpg in Resources */ = {isa = PBXBuildFile; fileRef = C95B9FC31A9DC0BC00C59633 /* Dog5.jpg */; };
/* End PBXBuildFile section */

/* Begin PBXContainerItemProxy section */
		C95B9FAC1A9DB43A00C59633 /* PBXContainerItemProxy */ = {
			isa = PBXContainerItemProxy;
			containerPortal = C95B9F8E1A9DB43900C59633 /* Project object */;
			proxyType = 1;
			remoteGlobalIDString = C95B9F951A9DB43900C59633;
			remoteInfo = COMP4977_Midterm_v2;
		};
/* End PBXContainerItemProxy section */

/* Begin PBXFileReference section */
		C95B9F961A9DB43900C59633 /* COMP4977_Midterm_v2.app */ = {isa = PBXFileReference; explicitFileType = wrapper.application; includeInIndex = 0; path = COMP4977_Midterm_v2.app; sourceTree = BUILT_PRODUCTS_DIR; };
		C95B9F9A1A9DB43900C59633 /* Info.plist */ = {isa = PBXFileReference; lastKnownFileType = text.plist.xml; path = Info.plist; sourceTree = "<group>"; };
		C95B9F9B1A9DB43900C59633 /* AppDelegate.swift */ = {isa = PBXFileReference; lastKnownFileType = sourcecode.swift; path = AppDelegate.swift; sourceTree = "<group>"; };
		C95B9F9D1A9DB43900C59633 /* DogPhotoController.swift */ = {isa = PBXFileReference; lastKnownFileType = sourcecode.swift; path = DogPhotoController.swift; sourceTree = "<group>"; };
		C95B9FA01A9DB43900C59633 /* Base */ = {isa = PBXFileReference; lastKnownFileType = file.storyboard; name = Base; path = Base.lproj/Main.storyboard; sourceTree = "<group>"; };
		C95B9FA21A9DB43900C59633 /* Images.xcassets */ = {isa = PBXFileReference; lastKnownFileType = folder.assetcatalog; path = Images.xcassets; sourceTree = "<group>"; };
		C95B9FA51A9DB43900C59633 /* Base */ = {isa = PBXFileReference; lastKnownFileType = file.xib; name = Base; path = Base.lproj/LaunchScreen.xib; sourceTree = "<group>"; };
		C95B9FAB1A9DB43A00C59633 /* COMP4977_Midterm_v2Tests.xctest */ = {isa = PBXFileReference; explicitFileType = wrapper.cfbundle; includeInIndex = 0; path = COMP4977_Midterm_v2Tests.xctest; sourceTree = BUILT_PRODUCTS_DIR; };
		C95B9FB01A9DB43A00C59633 /* Info.plist */ = {isa = PBXFileReference; lastKnownFileType = text.plist.xml; path = Info.plist; sourceTree = "<group>"; };
		C95B9FB11A9DB43A00C59633 /* COMP4977_Midterm_v2Tests.swift */ = {isa = PBXFileReference; lastKnownFileType = sourcecode.swift; path = COMP4977_Midterm_v2Tests.swift; sourceTree = "<group>"; };
		C95B9FBB1A9DB51000C59633 /* PhotoViewCell.swift */ = {isa = PBXFileReference; fileEncoding = 4; lastKnownFileType = sourcecode.swift; path = PhotoViewCell.swift; sourceTree = "<group>"; };
		C95B9FBD1A9DB6C900C59633 /* Dog1.jpg */ = {isa = PBXFileReference; lastKnownFileType = image.jpeg; path = Dog1.jpg; sourceTree = "<group>"; };
		C95B9FBE1A9DB6C900C59633 /* Dog2.jpg */ = {isa = PBXFileReference; lastKnownFileType = image.jpeg; path = Dog2.jpg; sourceTree = "<group>"; };
		C95B9FC11A9DC0BC00C59633 /* Dog3.jpg */ = {isa = PBXFileReference; lastKnownFileType = image.jpeg; path = Dog3.jpg; sourceTree = "<group>"; };
		C95B9FC21A9DC0BC00C59633 /* Dog4.jpg */ = {isa = PBXFileReference; lastKnownFileType = image.jpeg; path = Dog4.jpg; sourceTree = "<group>"; };
		C95B9FC31A9DC0BC00C59633 /* Dog5.jpg */ = {isa = PBXFileReference; lastKnownFileType = image.jpeg; path = Dog5.jpg; sourceTree = "<group>"; };
/* End PBXFileReference section */

/* Begin PBXFrameworksBuildPhase section */
		C95B9F931A9DB43900C59633 /* Frameworks */ = {
			isa = PBXFrameworksBuildPhase;
			buildActionMask = 2147483647;
			files = (
			);
			runOnlyForDeploymentPostprocessing = 0;
		};
		C95B9FA81A9DB43A00C59633 /* Frameworks */ = {
			isa = PBXFrameworksBuildPhase;
			buildActionMask = 2147483647;
			files = (
			);
			runOnlyForDeploymentPostprocessing = 0;
		};
/* End PBXFrameworksBuildPhase section */

/* Begin PBXGroup section */
		C95B9F8D1A9DB43900C59633 = {
			isa = PBXGroup;
			children = (
				C95B9F981A9DB43900C59633 /* COMP4977_Midterm_v2 */,
				C95B9FAE1A9DB43A00C59633 /* COMP4977_Midterm_v2Tests */,
				C95B9F971A9DB43900C59633 /* Products */,
			);
			sourceTree = "<group>";
		};
		C95B9F971A9DB43900C59633 /* Products */ = {
			isa = PBXGroup;
			children = (
				C95B9F961A9DB43900C59633 /* COMP4977_Midterm_v2.app */,
				C95B9FAB1A9DB43A00C59633 /* COMP4977_Midterm_v2Tests.xctest */,
			);
			name = Products;
			sourceTree = "<group>";
		};
		C95B9F981A9DB43900C59633 /* COMP4977_Midterm_v2 */ = {
			isa = PBXGroup;
			children = (
				C95B9F9B1A9DB43900C59633 /* AppDelegate.swift */,
				C95B9FBB1A9DB51000C59633 /* PhotoViewCell.swift */,
				C95B9F9D1A9DB43900C59633 /* DogPhotoController.swift */,
				C95B9F9F1A9DB43900C59633 /* Main.storyboard */,
				C95B9FA21A9DB43900C59633 /* Images.xcassets */,
				C95B9FA41A9DB43900C59633 /* LaunchScreen.xib */,
				C95B9F991A9DB43900C59633 /* Supporting Files */,
			);
			path = COMP4977_Midterm_v2;
			sourceTree = "<group>";
		};
		C95B9F991A9DB43900C59633 /* Supporting Files */ = {
			isa = PBXGroup;
			children = (
				C95B9FC11A9DC0BC00C59633 /* Dog3.jpg */,
				C95B9FC21A9DC0BC00C59633 /* Dog4.jpg */,
				C95B9FC31A9DC0BC00C59633 /* Dog5.jpg */,
				C95B9FBD1A9DB6C900C59633 /* Dog1.jpg */,
				C95B9FBE1A9DB6C900C59633 /* Dog2.jpg */,
				C95B9F9A1A9DB43900C59633 /* Info.plist */,
			);
			name = "Supporting Files";
			sourceTree = "<group>";
		};
		C95B9FAE1A9DB43A00C59633 /* COMP4977_Midterm_v2Tests */ = {
			isa = PBXGroup;
			children = (
				C95B9FB11A9DB43A00C59633 /* COMP4977_Midterm_v2Tests.swift */,
				C95B9FAF1A9DB43A00C59633 /* Supporting Files */,
			);
			path = COMP4977_Midterm_v2Tests;
			sourceTree = "<group>";
		};
		C95B9FAF1A9DB43A00C59633 /* Supporting Files */ = {
			isa = PBXGroup;
			children = (
				C95B9FB01A9DB43A00C59633 /* Info.plist */,
			);
			name = "Supporting Files";
			sourceTree = "<group>";
		};
/* End PBXGroup section */

/* Begin PBXNativeTarget section */
		C95B9F951A9DB43900C59633 /* COMP4977_Midterm_v2 */ = {
			isa = PBXNativeTarget;
			buildConfigurationList = C95B9FB51A9DB43A00C59633 /* Build configuration list for PBXNativeTarget "COMP4977_Midterm_v2" */;
			buildPhases = (
				C95B9F921A9DB43900C59633 /* Sources */,
				C95B9F931A9DB43900C59633 /* Frameworks */,
				C95B9F941A9DB43900C59633 /* Resources */,
			);
			buildRules = (
			);
			dependencies = (
			);
			name = COMP4977_Midterm_v2;
			productName = COMP4977_Midterm_v2;
			productReference = C95B9F961A9DB43900C59633 /* COMP4977_Midterm_v2.app */;
			productType = "com.apple.product-type.application";
		};
		C95B9FAA1A9DB43A00C59633 /* COMP4977_Midterm_v2Tests */ = {
			isa = PBXNativeTarget;
			buildConfigurationList = C95B9FB81A9DB43A00C59633 /* Build configuration list for PBXNativeTarget "COMP4977_Midterm_v2Tests" */;
			buildPhases = (
				C95B9FA71A9DB43A00C59633 /* Sources */,
				C95B9FA81A9DB43A00C59633 /* Frameworks */,
				C95B9FA91A9DB43A00C59633 /* Resources */,
			);
			buildRules = (
			);
			dependencies = (
				C95B9FAD1A9DB43A00C59633 /* PBXTargetDependency */,
			);
			name = COMP4977_Midterm_v2Tests;
			productName = COMP4977_Midterm_v2Tests;
			productReference = C95B9FAB1A9DB43A00C59633 /* COMP4977_Midterm_v2Tests.xctest */;
			productType = "com.apple.product-type.bundle.unit-test";
		};
/* End PBXNativeTarget section */

/* Begin PBXProject section */
		C95B9F8E1A9DB43900C59633 /* Project object */ = {
			isa = PBXProject;
			attributes = {
				LastUpgradeCheck = 0610;
				ORGANIZATIONNAME = "Matthew Banman";
				TargetAttributes = {
					C95B9F951A9DB43900C59633 = {
						CreatedOnToolsVersion = 6.1.1;
					};
					C95B9FAA1A9DB43A00C59633 = {
						CreatedOnToolsVersion = 6.1.1;
						TestTargetID = C95B9F951A9DB43900C59633;
					};
				};
			};
			buildConfigurationList = C95B9F911A9DB43900C59633 /* Build configuration list for PBXProject "COMP4977_Midterm_v2" */;
			compatibilityVersion = "Xcode 3.2";
			developmentRegion = English;
			hasScannedForEncodings = 0;
			knownRegions = (
				en,
				Base,
			);
			mainGroup = C95B9F8D1A9DB43900C59633;
			productRefGroup = C95B9F971A9DB43900C59633 /* Products */;
			projectDirPath = "";
			projectRoot = "";
			targets = (
				C95B9F951A9DB43900C59633 /* COMP4977_Midterm_v2 */,
				C95B9FAA1A9DB43A00C59633 /* COMP4977_Midterm_v2Tests */,
			);
		};
/* End PBXProject section */

/* Begin PBXResourcesBuildPhase section */
		C95B9F941A9DB43900C59633 /* Resources */ = {
			isa = PBXResourcesBuildPhase;
			buildActionMask = 2147483647;
			files = (
				C95B9FC51A9DC0BC00C59633 /* Dog4.jpg in Resources */,
				C95B9FA11A9DB43900C59633 /* Main.storyboard in Resources */,
				C95B9FA61A9DB43900C59633 /* LaunchScreen.xib in Resources */,
				C95B9FC41A9DC0BC00C59633 /* Dog3.jpg in Resources */,
				C95B9FC01A9DB6C900C59633 /* Dog2.jpg in Resources */,
				C95B9FBF1A9DB6C900C59633 /* Dog1.jpg in Resources */,
				C95B9FC61A9DC0BC00C59633 /* Dog5.jpg in Resources */,
				C95B9FA31A9DB43900C59633 /* Images.xcassets in Resources */,
			);
			runOnlyForDeploymentPostprocessing = 0;
		};
		C95B9FA91A9DB43A00C59633 /* Resources */ = {
			isa = PBXResourcesBuildPhase;
			buildActionMask = 2147483647;
			files = (
			);
			runOnlyForDeploymentPostprocessing = 0;
		};
/* End PBXResourcesBuildPhase section */

/* Begin PBXSourcesBuildPhase section */
		C95B9F921A9DB43900C59633 /* Sources */ = {
			isa = PBXSourcesBuildPhase;
			buildActionMask = 2147483647;
			files = (
				C95B9F9E1A9DB43900C59633 /* DogPhotoController.swift in Sources */,
				C95B9F9C1A9DB43900C59633 /* AppDelegate.swift in Sources */,
				C95B9FBC1A9DB51000C59633 /* PhotoViewCell.swift in Sources */,
			);
			runOnlyForDeploymentPostprocessing = 0;
		};
		C95B9FA71A9DB43A00C59633 /* Sources */ = {
			isa = PBXSourcesBuildPhase;
			buildActionMask = 2147483647;
			files = (
				C95B9FB21A9DB43A00C59633 /* COMP4977_Midterm_v2Tests.swift in Sources */,
			);
			runOnlyForDeploymentPostprocessing = 0;
		};
/* End PBXSourcesBuildPhase section */

/* Begin PBXTargetDependency section */
		C95B9FAD1A9DB43A00C59633 /* PBXTargetDependency */ = {
			isa = PBXTargetDependency;
			target = C95B9F951A9DB43900C59633 /* COMP4977_Midterm_v2 */;
			targetProxy = C95B9FAC1A9DB43A00C59633 /* PBXContainerItemProxy */;
		};
/* End PBXTargetDependency section */

/* Begin PBXVariantGroup section */
		C95B9F9F1A9DB43900C59633 /* Main.storyboard */ = {
			isa = PBXVariantGroup;
			children = (
				C95B9FA01A9DB43900C59633 /* Base */,
			);
			name = Main.storyboard;
			sourceTree = "<group>";
		};
		C95B9FA41A9DB43900C59633 /* LaunchScreen.xib */ = {
			isa = PBXVariantGroup;
			children = (
				C95B9FA51A9DB43900C59633 /* Base */,
			);
			name = LaunchScreen.xib;
			sourceTree = "<group>";
		};
/* End PBXVariantGroup section */

/* Begin XCBuildConfiguration section */
		C95B9FB31A9DB43A00C59633 /* Debug */ = {
			isa = XCBuildConfiguration;
			buildSettings = {
				ALWAYS_SEARCH_USER_PATHS = NO;
				CLANG_CXX_LANGUAGE_STANDARD = "gnu++0x";
				CLANG_CXX_LIBRARY = "libc++";
				CLANG_ENABLE_MODULES = YES;
				CLANG_ENABLE_OBJC_ARC = YES;
				CLANG_WARN_BOOL_CONVERSION = YES;
				CLANG_WARN_CONSTANT_CONVERSION = YES;
				CLANG_WARN_DIRECT_OBJC_ISA_USAGE = YES_ERROR;
				CLANG_WARN_EMPTY_BODY = YES;
				CLANG_WARN_ENUM_CONVERSION = YES;
				CLANG_WARN_INT_CONVERSION = YES;
				CLANG_WARN_OBJC_ROOT_CLASS = YES_ERROR;
				CLANG_WARN_UNREACHABLE_CODE = YES;
				CLANG_WARN__DUPLICATE_METHOD_MATCH = YES;
				"CODE_SIGN_IDENTITY[sdk=iphoneos*]" = "iPhone Developer";
				COPY_PHASE_STRIP = NO;
				ENABLE_STRICT_OBJC_MSGSEND = YES;
				GCC_C_LANGUAGE_STANDARD = gnu99;
				GCC_DYNAMIC_NO_PIC = NO;
				GCC_OPTIMIZATION_LEVEL = 0;
				GCC_PREPROCESSOR_DEFINITIONS = (
					"DEBUG=1",
					"$(inherited)",
				);
				GCC_SYMBOLS_PRIVATE_EXTERN = NO;
				GCC_WARN_64_TO_32_BIT_CONVERSION = YES;
				GCC_WARN_ABOUT_RETURN_TYPE = YES_ERROR;
				GCC_WARN_UNDECLARED_SELECTOR = YES;
				GCC_WARN_UNINITIALIZED_AUTOS = YES_AGGRESSIVE;
				GCC_WARN_UNUSED_FUNCTION = YES;
				GCC_WARN_UNUSED_VARIABLE = YES;
				IPHONEOS_DEPLOYMENT_TARGET = 8.1;
				MTL_ENABLE_DEBUG_INFO = YES;
				ONLY_ACTIVE_ARCH = YES;
				SDKROOT = iphoneos;
				SWIFT_OPTIMIZATION_LEVEL = "-Onone";
			};
			name = Debug;
		};
		C95B9FB41A9DB43A00C59633 /* Release */ = {
			isa = XCBuildConfiguration;
			buildSettings = {
				ALWAYS_SEARCH_USER_PATHS = NO;
				CLANG_CXX_LANGUAGE_STANDARD = "gnu++0x";
				CLANG_CXX_LIBRARY = "libc++";
				CLANG_ENABLE_MODULES = YES;
				CLANG_ENABLE_OBJC_ARC = YES;
				CLANG_WARN_BOOL_CONVERSION = YES;
				CLANG_WARN_CONSTANT_CONVERSION = YES;
				CLANG_WARN_DIRECT_OBJC_ISA_USAGE = YES_ERROR;
				CLANG_WARN_EMPTY_BODY = YES;
				CLANG_WARN_ENUM_CONVERSION = YES;
				CLANG_WARN_INT_CONVERSION = YES;
				CLANG_WARN_OBJC_ROOT_CLASS = YES_ERROR;
				CLANG_WARN_UNREACHABLE_CODE = YES;
				CLANG_WARN__DUPLICATE_METHOD_MATCH = YES;
				"CODE_SIGN_IDENTITY[sdk=iphoneos*]" = "iPhone Developer";
				COPY_PHASE_STRIP = YES;
				ENABLE_NS_ASSERTIONS = NO;
				ENABLE_STRICT_OBJC_MSGSEND = YES;
				GCC_C_LANGUAGE_STANDARD = gnu99;
				GCC_WARN_64_TO_32_BIT_CONVERSION = YES;
				GCC_WARN_ABOUT_RETURN_TYPE = YES_ERROR;
				GCC_WARN_UNDECLARED_SELECTOR = YES;
				GCC_WARN_UNINITIALIZED_AUTOS = YES_AGGRESSIVE;
				GCC_WARN_UNUSED_FUNCTION = YES;
				GCC_WARN_UNUSED_VARIABLE = YES;
				IPHONEOS_DEPLOYMENT_TARGET = 8.1;
				MTL_ENABLE_DEBUG_INFO = NO;
				SDKROOT = iphoneos;
				VALIDATE_PRODUCT = YES;
			};
			name = Release;
		};
		C95B9FB61A9DB43A00C59633 /* Debug */ = {
			isa = XCBuildConfiguration;
			buildSettings = {
				ASSETCATALOG_COMPILER_APPICON_NAME = AppIcon;
				INFOPLIST_FILE = COMP4977_Midterm_v2/Info.plist;
				LD_RUNPATH_SEARCH_PATHS = "$(inherited) @executable_path/Frameworks";
				PRODUCT_NAME = "$(TARGET_NAME)";
			};
			name = Debug;
		};
		C95B9FB71A9DB43A00C59633 /* Release */ = {
			isa = XCBuildConfiguration;
			buildSettings = {
				ASSETCATALOG_COMPILER_APPICON_NAME = AppIcon;
				INFOPLIST_FILE = COMP4977_Midterm_v2/Info.plist;
				LD_RUNPATH_SEARCH_PATHS = "$(inherited) @executable_path/Frameworks";
				PRODUCT_NAME = "$(TARGET_NAME)";
			};
			name = Release;
		};
		C95B9FB91A9DB43A00C59633 /* Debug */ = {
			isa = XCBuildConfiguration;
			buildSettings = {
				BUNDLE_LOADER = "$(TEST_HOST)";
				FRAMEWORK_SEARCH_PATHS = (
					"$(SDKROOT)/Developer/Library/Frameworks",
					"$(inherited)",
				);
				GCC_PREPROCESSOR_DEFINITIONS = (
					"DEBUG=1",
					"$(inherited)",
				);
				INFOPLIST_FILE = COMP4977_Midterm_v2Tests/Info.plist;
				LD_RUNPATH_SEARCH_PATHS = "$(inherited) @executable_path/Frameworks @loader_path/Frameworks";
				PRODUCT_NAME = "$(TARGET_NAME)";
				TEST_HOST = "$(BUILT_PRODUCTS_DIR)/COMP4977_Midterm_v2.app/COMP4977_Midterm_v2";
			};
			name = Debug;
		};
		C95B9FBA1A9DB43A00C59633 /* Release */ = {
			isa = XCBuildConfiguration;
			buildSettings = {
				BUNDLE_LOADER = "$(TEST_HOST)";
				FRAMEWORK_SEARCH_PATHS = (
					"$(SDKROOT)/Developer/Library/Frameworks",
					"$(inherited)",
				);
				INFOPLIST_FILE = COMP4977_Midterm_v2Tests/Info.plist;
				LD_RUNPATH_SEARCH_PATHS = "$(inherited) @executable_path/Frameworks @loader_path/Frameworks";
				PRODUCT_NAME = "$(TARGET_NAME)";
				TEST_HOST = "$(BUILT_PRODUCTS_DIR)/COMP4977_Midterm_v2.app/COMP4977_Midterm_v2";
			};
			name = Release;
		};
/* End XCBuildConfiguration section */

/* Begin XCConfigurationList section */
		C95B9F911A9DB43900C59633 /* Build configuration list for PBXProject "COMP4977_Midterm_v2" */ = {
			isa = XCConfigurationList;
			buildConfigurations = (
				C95B9FB31A9DB43A00C59633 /* Debug */,
				C95B9FB41A9DB43A00C59633 /* Release */,
			);
			defaultConfigurationIsVisible = 0;
			defaultConfigurationName = Release;
		};
		C95B9FB51A9DB43A00C59633 /* Build configuration list for PBXNativeTarget "COMP4977_Midterm_v2" */ = {
			isa = XCConfigurationList;
			buildConfigurations = (
				C95B9FB61A9DB43A00C59633 /* Debug */,
				C95B9FB71A9DB43A00C59633 /* Release */,
			);
			defaultConfigurationIsVisible = 0;
		};
		C95B9FB81A9DB43A00C59633 /* Build configuration list for PBXNativeTarget "COMP4977_Midterm_v2Tests" */ = {
			isa = XCConfigurationList;
			buildConfigurations = (
				C95B9FB91A9DB43A00C59633 /* Debug */,
				C95B9FBA1A9DB43A00C59633 /* Release */,
			);
			defaultConfigurationIsVisible = 0;
		};
/* End XCConfigurationList section */
	};
	rootObject = C95B9F8E1A9DB43900C59633 /* Project object */;
}
